
Microsoft Visual Studio Solution File, Format Version 12.00
# Visual Studio Version 16
VisualStudioVersion = 16.0.30503.244
MinimumVisualStudioVersion = 10.0.40219.1
Project("{9A19103F-16F7-4668-BE54-9A1E7A4F7556}") = "assignment-1", "assignment-1\assignment-1.csproj", "{4B553ED6-0215-40B5-AD2A-C84D8E2A42B1}"
EndProject
Project("{FAE04EC0-301F-11D3-BF4B-00C04F79EFBC}") = "NUnitTest TriangleSolver", "NUnitTest TriangleSolver\NUnitTest TriangleSolver.csproj", "{D84AA7BB-4E79-4CF5-BA1C-DC805001A35F}"
EndProject
Global
	GlobalSection(SolutionConfigurationPlatforms) = preSolution
		Debug|Any CPU = Debug|Any CPU
		Release|Any CPU = Release|Any CPU
	EndGlobalSection
	GlobalSection(ProjectConfigurationPlatforms) = postSolution
		{4B553ED6-0215-40B5-AD2A-C84D8E2A42B1}.Debug|Any CPU.ActiveCfg = Debug|Any CPU
		{4B553ED6-0215-40B5-AD2A-C84D8E2A42B1}.Debug|Any CPU.Build.0 = Debug|Any CPU
		{4B553ED6-0215-40B5-AD2A-C84D8E2A42B1}.Release|Any CPU.ActiveCfg = Release|Any CPU
		{4B553ED6-0215-40B5-AD2A-C84D8E2A42B1}.Release|Any CPU.Build.0 = Release|Any CPU
		{D84AA7BB-4E79-4CF5-BA1C-DC805001A35F}.Debug|Any CPU.ActiveCfg = Debug|Any CPU
		{D84AA7BB-4E79-4CF5-BA1C-DC805001A35F}.Debug|Any CPU.Build.0 = Debug|Any CPU
		{D84AA7BB-4E79-4CF5-BA1C-DC805001A35F}.Release|Any CPU.ActiveCfg = Release|Any CPU
		{D84AA7BB-4E79-4CF5-BA1C-DC805001A35F}.Release|Any CPU.Build.0 = Release|Any CPU
	EndGlobalSection
	GlobalSection(SolutionProperties) = preSolution
		HideSolutionNode = FALSE
	EndGlobalSection
	GlobalSection(ExtensibilityGlobals) = postSolution
		SolutionGuid = {46B41907-1131-4C92-98EA-B04C68C56971}
	EndGlobalSection
EndGlobal
